// !$*UTF8*$!
{
	archiveVersion = 1;
	classes = {
	};
	objectVersion = 51;
	objects = {

/* Begin PBXBuildFile section */
		603BB2DC26B2E64200033457 /* SerializationManager.swift in Sources */ = {isa = PBXBuildFile; fileRef = 603BB2D626B2E64200033457 /* SerializationManager.swift */; };
		603BB2DD26B2E64200033457 /* RestManager.swift in Sources */ = {isa = PBXBuildFile; fileRef = 603BB2D726B2E64200033457 /* RestManager.swift */; };
		603BB2DE26B2E64200033457 /* RestEndpoints.swift in Sources */ = {isa = PBXBuildFile; fileRef = 603BB2D926B2E64200033457 /* RestEndpoints.swift */; };
		603BB2DF26B2E64200033457 /* ErrorType.swift in Sources */ = {isa = PBXBuildFile; fileRef = 603BB2DA26B2E64200033457 /* ErrorType.swift */; };
		603BB2E426B2EBD900033457 /* SearchFieldView.swift in Sources */ = {isa = PBXBuildFile; fileRef = 603BB2E326B2EBD900033457 /* SearchFieldView.swift */; };
		603BB2E626B2ECDD00033457 /* SearchTabRowItemView.swift in Sources */ = {isa = PBXBuildFile; fileRef = 603BB2E526B2ECDD00033457 /* SearchTabRowItemView.swift */; };
		603BB2E826B2F05100033457 /* NetworkImage.swift in Sources */ = {isa = PBXBuildFile; fileRef = 603BB2E726B2F05100033457 /* NetworkImage.swift */; };
		603BB2EE26B2F2CE00033457 /* ImageAssets.xcassets in Resources */ = {isa = PBXBuildFile; fileRef = 603BB2ED26B2F2CE00033457 /* ImageAssets.xcassets */; };
		603BB2F226B309DF00033457 /* PokemonItemResponse.swift in Sources */ = {isa = PBXBuildFile; fileRef = 603BB2F126B309DF00033457 /* PokemonItemResponse.swift */; };
		606322A826BC94930006E2B5 /* PokeballLoaderView.swift in Sources */ = {isa = PBXBuildFile; fileRef = 606322A726BC94930006E2B5 /* PokeballLoaderView.swift */; };
		6086887326B9348D0007B576 /* ErrorView.swift in Sources */ = {isa = PBXBuildFile; fileRef = 6086887226B9348D0007B576 /* ErrorView.swift */; };
		6086887726B935920007B576 /* LottieView.swift in Sources */ = {isa = PBXBuildFile; fileRef = 6086887626B935920007B576 /* LottieView.swift */; };
		6086887D26B93A650007B576 /* HomeView.swift in Sources */ = {isa = PBXBuildFile; fileRef = 6086887C26B93A650007B576 /* HomeView.swift */; };
		6086888126B93BFC0007B576 /* DeckTabView.swift in Sources */ = {isa = PBXBuildFile; fileRef = 6086888026B93BFC0007B576 /* DeckTabView.swift */; };
		6086888326B93D1F0007B576 /* InDevelopmentView.swift in Sources */ = {isa = PBXBuildFile; fileRef = 6086888226B93D1F0007B576 /* InDevelopmentView.swift */; };
		6086888626B950740007B576 /* DeckTabBackgroundImage.swift in Sources */ = {isa = PBXBuildFile; fileRef = 6086888526B950740007B576 /* DeckTabBackgroundImage.swift */; };
		6086888826B9643F0007B576 /* PokemonItemNameResponse.swift in Sources */ = {isa = PBXBuildFile; fileRef = 6086888726B9643F0007B576 /* PokemonItemNameResponse.swift */; };
		6086888A26B9647B0007B576 /* PokemonItemBaseResponse.swift in Sources */ = {isa = PBXBuildFile; fileRef = 6086888926B9647B0007B576 /* PokemonItemBaseResponse.swift */; };
		6096579726BD27E90074BB1E /* SearchDetailsRowType.swift in Sources */ = {isa = PBXBuildFile; fileRef = 6096579626BD27E90074BB1E /* SearchDetailsRowType.swift */; };
		6096579926BD29FB0074BB1E /* SearchDetailsStats.swift in Sources */ = {isa = PBXBuildFile; fileRef = 6096579826BD29FB0074BB1E /* SearchDetailsStats.swift */; };
		6096579B26BD2BAE0074BB1E /* SearchDetailsRowImageView.swift in Sources */ = {isa = PBXBuildFile; fileRef = 6096579A26BD2BAE0074BB1E /* SearchDetailsRowImageView.swift */; };
		609657A426BD3E960074BB1E /* SearchDetailsStatsView.swift in Sources */ = {isa = PBXBuildFile; fileRef = 609657A326BD3E960074BB1E /* SearchDetailsStatsView.swift */; };
		60ACAB7926B3EF7600562758 /* SearchDetailsView.swift in Sources */ = {isa = PBXBuildFile; fileRef = 60ACAB7826B3EF7600562758 /* SearchDetailsView.swift */; };
		60ACAB7F26B3F02100562758 /* RowItem.swift in Sources */ = {isa = PBXBuildFile; fileRef = 60ACAB7E26B3F02100562758 /* RowItem.swift */; };
		60ACAB8126B3F0EB00562758 /* SearchTabRowItemType.swift in Sources */ = {isa = PBXBuildFile; fileRef = 60ACAB8026B3F0EB00562758 /* SearchTabRowItemType.swift */; };
		60ACAB8526B3FD8400562758 /* SearchDetailsViewModel.swift in Sources */ = {isa = PBXBuildFile; fileRef = 60ACAB8426B3FD8400562758 /* SearchDetailsViewModel.swift */; };
		60ACAB8826B4327400562758 /* String+Extensions.swift in Sources */ = {isa = PBXBuildFile; fileRef = 60ACAB8726B4327400562758 /* String+Extensions.swift */; };
		60BFF58F26B2D0A30038A0E4 /* PokemonAppSwiftUIApp.swift in Sources */ = {isa = PBXBuildFile; fileRef = 60BFF58E26B2D0A30038A0E4 /* PokemonAppSwiftUIApp.swift */; };
		60BFF59126B2D0A30038A0E4 /* SearchTabView.swift in Sources */ = {isa = PBXBuildFile; fileRef = 60BFF59026B2D0A30038A0E4 /* SearchTabView.swift */; };
		60BFF59326B2D0A40038A0E4 /* Assets.xcassets in Resources */ = {isa = PBXBuildFile; fileRef = 60BFF59226B2D0A40038A0E4 /* Assets.xcassets */; };
		60BFF59626B2D0A40038A0E4 /* Preview Assets.xcassets in Resources */ = {isa = PBXBuildFile; fileRef = 60BFF59526B2D0A40038A0E4 /* Preview Assets.xcassets */; };
		60BFF5A826B2DC020038A0E4 /* SearchTabViewModel.swift in Sources */ = {isa = PBXBuildFile; fileRef = 60BFF5A726B2DC020038A0E4 /* SearchTabViewModel.swift */; };
		60BFF5AC26B2DCF50038A0E4 /* Pokemon.swift in Sources */ = {isa = PBXBuildFile; fileRef = 60BFF5AB26B2DCF50038A0E4 /* Pokemon.swift */; };
		60E018DF26B9309500910DBF /* PikachuAnimation.json in Resources */ = {isa = PBXBuildFile; fileRef = 60E018DE26B9309500910DBF /* PikachuAnimation.json */; };
		60E018E326B9317100910DBF /* ColorAssets.xcassets in Resources */ = {isa = PBXBuildFile; fileRef = 60E018E226B9317100910DBF /* ColorAssets.xcassets */; };
/* End PBXBuildFile section */

/* Begin PBXFileReference section */
		603BB2D626B2E64200033457 /* SerializationManager.swift */ = {isa = PBXFileReference; fileEncoding = 4; lastKnownFileType = sourcecode.swift; path = SerializationManager.swift; sourceTree = "<group>"; };
		603BB2D726B2E64200033457 /* RestManager.swift */ = {isa = PBXFileReference; fileEncoding = 4; lastKnownFileType = sourcecode.swift; path = RestManager.swift; sourceTree = "<group>"; };
		603BB2D926B2E64200033457 /* RestEndpoints.swift */ = {isa = PBXFileReference; fileEncoding = 4; lastKnownFileType = sourcecode.swift; path = RestEndpoints.swift; sourceTree = "<group>"; };
		603BB2DA26B2E64200033457 /* ErrorType.swift */ = {isa = PBXFileReference; fileEncoding = 4; lastKnownFileType = sourcecode.swift; path = ErrorType.swift; sourceTree = "<group>"; };
		603BB2E326B2EBD900033457 /* SearchFieldView.swift */ = {isa = PBXFileReference; lastKnownFileType = sourcecode.swift; path = SearchFieldView.swift; sourceTree = "<group>"; };
		603BB2E526B2ECDD00033457 /* SearchTabRowItemView.swift */ = {isa = PBXFileReference; lastKnownFileType = sourcecode.swift; path = SearchTabRowItemView.swift; sourceTree = "<group>"; };
		603BB2E726B2F05100033457 /* NetworkImage.swift */ = {isa = PBXFileReference; fileEncoding = 4; lastKnownFileType = sourcecode.swift; path = NetworkImage.swift; sourceTree = "<group>"; };
		603BB2ED26B2F2CE00033457 /* ImageAssets.xcassets */ = {isa = PBXFileReference; lastKnownFileType = folder.assetcatalog; path = ImageAssets.xcassets; sourceTree = "<group>"; };
		603BB2F126B309DF00033457 /* PokemonItemResponse.swift */ = {isa = PBXFileReference; lastKnownFileType = sourcecode.swift; path = PokemonItemResponse.swift; sourceTree = "<group>"; };
		606322A726BC94930006E2B5 /* PokeballLoaderView.swift */ = {isa = PBXFileReference; lastKnownFileType = sourcecode.swift; path = PokeballLoaderView.swift; sourceTree = "<group>"; };
		6086887226B9348D0007B576 /* ErrorView.swift */ = {isa = PBXFileReference; lastKnownFileType = sourcecode.swift; path = ErrorView.swift; sourceTree = "<group>"; };
		6086887626B935920007B576 /* LottieView.swift */ = {isa = PBXFileReference; lastKnownFileType = sourcecode.swift; path = LottieView.swift; sourceTree = "<group>"; };
		6086887C26B93A650007B576 /* HomeView.swift */ = {isa = PBXFileReference; lastKnownFileType = sourcecode.swift; path = HomeView.swift; sourceTree = "<group>"; };
		6086888026B93BFC0007B576 /* DeckTabView.swift */ = {isa = PBXFileReference; lastKnownFileType = sourcecode.swift; path = DeckTabView.swift; sourceTree = "<group>"; };
		6086888226B93D1F0007B576 /* InDevelopmentView.swift */ = {isa = PBXFileReference; lastKnownFileType = sourcecode.swift; path = InDevelopmentView.swift; sourceTree = "<group>"; };
		6086888526B950740007B576 /* DeckTabBackgroundImage.swift */ = {isa = PBXFileReference; lastKnownFileType = sourcecode.swift; path = DeckTabBackgroundImage.swift; sourceTree = "<group>"; };
		6086888726B9643F0007B576 /* PokemonItemNameResponse.swift */ = {isa = PBXFileReference; lastKnownFileType = sourcecode.swift; path = PokemonItemNameResponse.swift; sourceTree = "<group>"; };
		6086888926B9647B0007B576 /* PokemonItemBaseResponse.swift */ = {isa = PBXFileReference; lastKnownFileType = sourcecode.swift; path = PokemonItemBaseResponse.swift; sourceTree = "<group>"; };
		6096579626BD27E90074BB1E /* SearchDetailsRowType.swift */ = {isa = PBXFileReference; lastKnownFileType = sourcecode.swift; path = SearchDetailsRowType.swift; sourceTree = "<group>"; };
		6096579826BD29FB0074BB1E /* SearchDetailsStats.swift */ = {isa = PBXFileReference; lastKnownFileType = sourcecode.swift; path = SearchDetailsStats.swift; sourceTree = "<group>"; };
		6096579A26BD2BAE0074BB1E /* SearchDetailsRowImageView.swift */ = {isa = PBXFileReference; lastKnownFileType = sourcecode.swift; path = SearchDetailsRowImageView.swift; sourceTree = "<group>"; };
		609657A326BD3E960074BB1E /* SearchDetailsStatsView.swift */ = {isa = PBXFileReference; lastKnownFileType = sourcecode.swift; path = SearchDetailsStatsView.swift; sourceTree = "<group>"; };
		60ACAB7826B3EF7600562758 /* SearchDetailsView.swift */ = {isa = PBXFileReference; lastKnownFileType = sourcecode.swift; path = SearchDetailsView.swift; sourceTree = "<group>"; };
		60ACAB7E26B3F02100562758 /* RowItem.swift */ = {isa = PBXFileReference; lastKnownFileType = sourcecode.swift; path = RowItem.swift; sourceTree = "<group>"; };
		60ACAB8026B3F0EB00562758 /* SearchTabRowItemType.swift */ = {isa = PBXFileReference; lastKnownFileType = sourcecode.swift; path = SearchTabRowItemType.swift; sourceTree = "<group>"; };
		60ACAB8426B3FD8400562758 /* SearchDetailsViewModel.swift */ = {isa = PBXFileReference; lastKnownFileType = sourcecode.swift; path = SearchDetailsViewModel.swift; sourceTree = "<group>"; };
		60ACAB8726B4327400562758 /* String+Extensions.swift */ = {isa = PBXFileReference; lastKnownFileType = sourcecode.swift; path = "String+Extensions.swift"; sourceTree = "<group>"; };
		60BFF58B26B2D0A30038A0E4 /* PokemonAppSwiftUI.app */ = {isa = PBXFileReference; explicitFileType = wrapper.application; includeInIndex = 0; path = PokemonAppSwiftUI.app; sourceTree = BUILT_PRODUCTS_DIR; };
		60BFF58E26B2D0A30038A0E4 /* PokemonAppSwiftUIApp.swift */ = {isa = PBXFileReference; lastKnownFileType = sourcecode.swift; path = PokemonAppSwiftUIApp.swift; sourceTree = "<group>"; };
		60BFF59026B2D0A30038A0E4 /* SearchTabView.swift */ = {isa = PBXFileReference; lastKnownFileType = sourcecode.swift; path = SearchTabView.swift; sourceTree = "<group>"; };
		60BFF59226B2D0A40038A0E4 /* Assets.xcassets */ = {isa = PBXFileReference; lastKnownFileType = folder.assetcatalog; path = Assets.xcassets; sourceTree = "<group>"; };
		60BFF59526B2D0A40038A0E4 /* Preview Assets.xcassets */ = {isa = PBXFileReference; lastKnownFileType = folder.assetcatalog; path = "Preview Assets.xcassets"; sourceTree = "<group>"; };
		60BFF59726B2D0A40038A0E4 /* Info.plist */ = {isa = PBXFileReference; lastKnownFileType = text.plist.xml; path = Info.plist; sourceTree = "<group>"; };
		60BFF5A726B2DC020038A0E4 /* SearchTabViewModel.swift */ = {isa = PBXFileReference; lastKnownFileType = sourcecode.swift; path = SearchTabViewModel.swift; sourceTree = "<group>"; };
		60BFF5AB26B2DCF50038A0E4 /* Pokemon.swift */ = {isa = PBXFileReference; lastKnownFileType = sourcecode.swift; path = Pokemon.swift; sourceTree = "<group>"; };
		60E018DE26B9309500910DBF /* PikachuAnimation.json */ = {isa = PBXFileReference; fileEncoding = 4; lastKnownFileType = text.json; path = PikachuAnimation.json; sourceTree = "<group>"; };
		60E018E226B9317100910DBF /* ColorAssets.xcassets */ = {isa = PBXFileReference; lastKnownFileType = folder.assetcatalog; path = ColorAssets.xcassets; sourceTree = "<group>"; };
		B6F3F32017160CE25F301A6D /* Pods-PokemonAppSwiftUI.debug.xcconfig */ = {isa = PBXFileReference; includeInIndex = 1; lastKnownFileType = text.xcconfig; name = "Pods-PokemonAppSwiftUI.debug.xcconfig"; path = "Target Support Files/Pods-PokemonAppSwiftUI/Pods-PokemonAppSwiftUI.debug.xcconfig"; sourceTree = "<group>"; };
		C7651107B82E8E231335E08F /* Pods-PokemonAppSwiftUI.release.xcconfig */ = {isa = PBXFileReference; includeInIndex = 1; lastKnownFileType = text.xcconfig; name = "Pods-PokemonAppSwiftUI.release.xcconfig"; path = "Target Support Files/Pods-PokemonAppSwiftUI/Pods-PokemonAppSwiftUI.release.xcconfig"; sourceTree = "<group>"; };
/* End PBXFileReference section */

/* Begin PBXFrameworksBuildPhase section */
		60BFF58826B2D0A30038A0E4 /* Frameworks */ = {
			isa = PBXFrameworksBuildPhase;
			buildActionMask = 2147483647;
			files = (
			);
			runOnlyForDeploymentPostprocessing = 0;
		};
/* End PBXFrameworksBuildPhase section */

/* Begin PBXGroup section */
		603BB2D526B2E64200033457 /* Networking */ = {
			isa = PBXGroup;
			children = (
				603BB2D626B2E64200033457 /* SerializationManager.swift */,
				603BB2D726B2E64200033457 /* RestManager.swift */,
				603BB2D826B2E64200033457 /* Model */,
			);
			path = Networking;
			sourceTree = "<group>";
		};
		603BB2D826B2E64200033457 /* Model */ = {
			isa = PBXGroup;
			children = (
				603BB2D926B2E64200033457 /* RestEndpoints.swift */,
				603BB2DA26B2E64200033457 /* ErrorType.swift */,
			);
			path = Model;
			sourceTree = "<group>";
		};
		606D8B21FFFB1BF1351DDA29 /* Pods */ = {
			isa = PBXGroup;
			children = (
				B6F3F32017160CE25F301A6D /* Pods-PokemonAppSwiftUI.debug.xcconfig */,
				C7651107B82E8E231335E08F /* Pods-PokemonAppSwiftUI.release.xcconfig */,
			);
			path = Pods;
			sourceTree = "<group>";
		};
		6086887826B9374A0007B576 /* SearchScreen */ = {
			isa = PBXGroup;
			children = (
				6086887B26B937650007B576 /* Model */,
				6086887A26B9375E0007B576 /* ViewModel */,
				6086887926B937580007B576 /* Views */,
			);
			path = SearchScreen;
			sourceTree = "<group>";
		};
		6086887926B937580007B576 /* Views */ = {
			isa = PBXGroup;
			children = (
				60BFF59026B2D0A30038A0E4 /* SearchTabView.swift */,
				6096579D26BD2E800074BB1E /* Subviews */,
			);
			path = Views;
			sourceTree = "<group>";
		};
		6086887A26B9375E0007B576 /* ViewModel */ = {
			isa = PBXGroup;
			children = (
				60BFF5A726B2DC020038A0E4 /* SearchTabViewModel.swift */,
			);
			path = ViewModel;
			sourceTree = "<group>";
		};
		6086887B26B937650007B576 /* Model */ = {
			isa = PBXGroup;
			children = (
				60BFF5AB26B2DCF50038A0E4 /* Pokemon.swift */,
				60ACAB8026B3F0EB00562758 /* SearchTabRowItemType.swift */,
			);
			path = Model;
			sourceTree = "<group>";
		};
		6086887E26B93BE60007B576 /* DeckScreen */ = {
			isa = PBXGroup;
			children = (
				6086888426B9505B0007B576 /* Model */,
				6086887F26B93BEE0007B576 /* Views */,
			);
			path = DeckScreen;
			sourceTree = "<group>";
		};
		6086887F26B93BEE0007B576 /* Views */ = {
			isa = PBXGroup;
			children = (
				6086888026B93BFC0007B576 /* DeckTabView.swift */,
				6086888526B950740007B576 /* DeckTabBackgroundImage.swift */,
			);
			path = Views;
			sourceTree = "<group>";
		};
		6086888426B9505B0007B576 /* Model */ = {
			isa = PBXGroup;
			children = (
			);
			path = Model;
			sourceTree = "<group>";
		};
		6096579C26BD2E610074BB1E /* Subviews */ = {
			isa = PBXGroup;
			children = (
				6096579A26BD2BAE0074BB1E /* SearchDetailsRowImageView.swift */,
				609657A326BD3E960074BB1E /* SearchDetailsStatsView.swift */,
			);
			path = Subviews;
			sourceTree = "<group>";
		};
		6096579D26BD2E800074BB1E /* Subviews */ = {
			isa = PBXGroup;
			children = (
				603BB2E326B2EBD900033457 /* SearchFieldView.swift */,
				603BB2E526B2ECDD00033457 /* SearchTabRowItemView.swift */,
			);
			path = Subviews;
			sourceTree = "<group>";
		};
		60ACAB7426B3EF4700562758 /* SearchDetailsScreen */ = {
			isa = PBXGroup;
			children = (
				60ACAB7726B3EF6200562758 /* Model */,
				60ACAB7626B3EF5C00562758 /* Views */,
				60ACAB7526B3EF5400562758 /* ViewModel */,
			);
			path = SearchDetailsScreen;
			sourceTree = "<group>";
		};
		60ACAB7526B3EF5400562758 /* ViewModel */ = {
			isa = PBXGroup;
			children = (
				60ACAB8426B3FD8400562758 /* SearchDetailsViewModel.swift */,
			);
			path = ViewModel;
			sourceTree = "<group>";
		};
		60ACAB7626B3EF5C00562758 /* Views */ = {
			isa = PBXGroup;
			children = (
				60ACAB7826B3EF7600562758 /* SearchDetailsView.swift */,
				6096579C26BD2E610074BB1E /* Subviews */,
			);
			path = Views;
			sourceTree = "<group>";
		};
		60ACAB7726B3EF6200562758 /* Model */ = {
			isa = PBXGroup;
			children = (
				6096579626BD27E90074BB1E /* SearchDetailsRowType.swift */,
				6096579826BD29FB0074BB1E /* SearchDetailsStats.swift */,
			);
			path = Model;
			sourceTree = "<group>";
		};
		60ACAB7D26B3F01900562758 /* Model */ = {
			isa = PBXGroup;
			children = (
				603BB2F126B309DF00033457 /* PokemonItemResponse.swift */,
				6086888726B9643F0007B576 /* PokemonItemNameResponse.swift */,
				6086888926B9647B0007B576 /* PokemonItemBaseResponse.swift */,
				60ACAB7E26B3F02100562758 /* RowItem.swift */,
				6086887626B935920007B576 /* LottieView.swift */,
			);
			path = Model;
			sourceTree = "<group>";
		};
		60ACAB8626B4326700562758 /* Extensions */ = {
			isa = PBXGroup;
			children = (
				60ACAB8726B4327400562758 /* String+Extensions.swift */,
			);
			path = Extensions;
			sourceTree = "<group>";
		};
		60BFF58226B2D0A30038A0E4 = {
			isa = PBXGroup;
			children = (
				60BFF58D26B2D0A30038A0E4 /* PokemonAppSwiftUI */,
				60BFF58C26B2D0A30038A0E4 /* Products */,
				606D8B21FFFB1BF1351DDA29 /* Pods */,
				BAC76BD5EC21116FCEC09ADE /* Frameworks */,
			);
			sourceTree = "<group>";
		};
		60BFF58C26B2D0A30038A0E4 /* Products */ = {
			isa = PBXGroup;
			children = (
				60BFF58B26B2D0A30038A0E4 /* PokemonAppSwiftUI.app */,
			);
			name = Products;
			sourceTree = "<group>";
		};
		60BFF58D26B2D0A30038A0E4 /* PokemonAppSwiftUI */ = {
			isa = PBXGroup;
			children = (
				60BFF5A226B2D5030038A0E4 /* Modules */,
				60BFF5A026B2D4F30038A0E4 /* Support */,
				60BFF59F26B2D4EC0038A0E4 /* Common */,
			);
			path = PokemonAppSwiftUI;
			sourceTree = "<group>";
		};
		60BFF59426B2D0A40038A0E4 /* Preview Content */ = {
			isa = PBXGroup;
			children = (
				60BFF59526B2D0A40038A0E4 /* Preview Assets.xcassets */,
			);
			path = "Preview Content";
			sourceTree = "<group>";
		};
		60BFF59F26B2D4EC0038A0E4 /* Common */ = {
			isa = PBXGroup;
			children = (
				60ACAB8626B4326700562758 /* Extensions */,
				60ACAB7D26B3F01900562758 /* Model */,
				603BB2D526B2E64200033457 /* Networking */,
				60BFF5A126B2D4FA0038A0E4 /* Views */,
			);
			path = Common;
			sourceTree = "<group>";
		};
		60BFF5A026B2D4F30038A0E4 /* Support */ = {
			isa = PBXGroup;
			children = (
				60E018E126B9315600910DBF /* Assets */,
				60E018E026B930BE00910DBF /* LaunchScreen */,
				60E018DD26B9307C00910DBF /* Animations */,
				60BFF59726B2D0A40038A0E4 /* Info.plist */,
			);
			path = Support;
			sourceTree = "<group>";
		};
		60BFF5A126B2D4FA0038A0E4 /* Views */ = {
			isa = PBXGroup;
			children = (
				603BB2E726B2F05100033457 /* NetworkImage.swift */,
				60BFF59426B2D0A40038A0E4 /* Preview Content */,
				60BFF58E26B2D0A30038A0E4 /* PokemonAppSwiftUIApp.swift */,
				6086887226B9348D0007B576 /* ErrorView.swift */,
				6086888226B93D1F0007B576 /* InDevelopmentView.swift */,
				606322A726BC94930006E2B5 /* PokeballLoaderView.swift */,
			);
			path = Views;
			sourceTree = "<group>";
		};
		60BFF5A226B2D5030038A0E4 /* Modules */ = {
			isa = PBXGroup;
			children = (
				6086887E26B93BE60007B576 /* DeckScreen */,
				6086887826B9374A0007B576 /* SearchScreen */,
				60ACAB7426B3EF4700562758 /* SearchDetailsScreen */,
				60BFF5A326B2D5080038A0E4 /* Home */,
			);
			path = Modules;
			sourceTree = "<group>";
		};
		60BFF5A326B2D5080038A0E4 /* Home */ = {
			isa = PBXGroup;
			children = (
				60BFF5A626B2D5240038A0E4 /* Models */,
				60BFF5A526B2D5140038A0E4 /* ViewModels */,
				60BFF5A426B2D50E0038A0E4 /* Views */,
			);
			path = Home;
			sourceTree = "<group>";
		};
		60BFF5A426B2D50E0038A0E4 /* Views */ = {
			isa = PBXGroup;
			children = (
				6086887C26B93A650007B576 /* HomeView.swift */,
			);
			path = Views;
			sourceTree = "<group>";
		};
		60BFF5A526B2D5140038A0E4 /* ViewModels */ = {
			isa = PBXGroup;
			children = (
			);
			path = ViewModels;
			sourceTree = "<group>";
		};
		60BFF5A626B2D5240038A0E4 /* Models */ = {
			isa = PBXGroup;
			children = (
			);
			path = Models;
			sourceTree = "<group>";
		};
		60E018DD26B9307C00910DBF /* Animations */ = {
			isa = PBXGroup;
			children = (
				60E018DE26B9309500910DBF /* PikachuAnimation.json */,
			);
			path = Animations;
			sourceTree = "<group>";
		};
		60E018E026B930BE00910DBF /* LaunchScreen */ = {
			isa = PBXGroup;
			children = (
			);
			path = LaunchScreen;
			sourceTree = "<group>";
		};
		60E018E126B9315600910DBF /* Assets */ = {
			isa = PBXGroup;
			children = (
				603BB2ED26B2F2CE00033457 /* ImageAssets.xcassets */,
				60BFF59226B2D0A40038A0E4 /* Assets.xcassets */,
				60E018E226B9317100910DBF /* ColorAssets.xcassets */,
			);
			path = Assets;
			sourceTree = "<group>";
		};
		BAC76BD5EC21116FCEC09ADE /* Frameworks */ = {
			isa = PBXGroup;
			children = (
			);
			name = Frameworks;
			sourceTree = "<group>";
		};
/* End PBXGroup section */

/* Begin PBXNativeTarget section */
		60BFF58A26B2D0A30038A0E4 /* PokemonAppSwiftUI */ = {
			isa = PBXNativeTarget;
			buildConfigurationList = 60BFF59A26B2D0A40038A0E4 /* Build configuration list for PBXNativeTarget "PokemonAppSwiftUI" */;
			buildPhases = (
				290179312E1861882DA92BB8 /* [CP] Check Pods Manifest.lock */,
				60BFF58726B2D0A30038A0E4 /* Sources */,
				60BFF58826B2D0A30038A0E4 /* Frameworks */,
				60BFF58926B2D0A30038A0E4 /* Resources */,
				B5346EBD3200EA704983E4BB /* [CP] Embed Pods Frameworks */,
			);
			buildRules = (
			);
			dependencies = (
			);
			name = PokemonAppSwiftUI;
			productName = PokemonAppSwiftUI;
			productReference = 60BFF58B26B2D0A30038A0E4 /* PokemonAppSwiftUI.app */;
			productType = "com.apple.product-type.application";
		};
/* End PBXNativeTarget section */

/* Begin PBXProject section */
		60BFF58326B2D0A30038A0E4 /* Project object */ = {
			isa = PBXProject;
			attributes = {
				LastSwiftUpdateCheck = 1250;
				LastUpgradeCheck = 1250;
				TargetAttributes = {
					60BFF58A26B2D0A30038A0E4 = {
						CreatedOnToolsVersion = 12.5.1;
					};
				};
			};
			buildConfigurationList = 60BFF58626B2D0A30038A0E4 /* Build configuration list for PBXProject "PokemonAppSwiftUI" */;
			compatibilityVersion = "Xcode 9.3";
			developmentRegion = en;
			hasScannedForEncodings = 0;
			knownRegions = (
				en,
				Base,
			);
			mainGroup = 60BFF58226B2D0A30038A0E4;
			productRefGroup = 60BFF58C26B2D0A30038A0E4 /* Products */;
			projectDirPath = "";
			projectRoot = "";
			targets = (
				60BFF58A26B2D0A30038A0E4 /* PokemonAppSwiftUI */,
			);
		};
/* End PBXProject section */

/* Begin PBXResourcesBuildPhase section */
		60BFF58926B2D0A30038A0E4 /* Resources */ = {
			isa = PBXResourcesBuildPhase;
			buildActionMask = 2147483647;
			files = (
				60E018E326B9317100910DBF /* ColorAssets.xcassets in Resources */,
				60BFF59626B2D0A40038A0E4 /* Preview Assets.xcassets in Resources */,
				60BFF59326B2D0A40038A0E4 /* Assets.xcassets in Resources */,
				603BB2EE26B2F2CE00033457 /* ImageAssets.xcassets in Resources */,
				60E018DF26B9309500910DBF /* PikachuAnimation.json in Resources */,
			);
			runOnlyForDeploymentPostprocessing = 0;
		};
/* End PBXResourcesBuildPhase section */

/* Begin PBXShellScriptBuildPhase section */
		290179312E1861882DA92BB8 /* [CP] Check Pods Manifest.lock */ = {
			isa = PBXShellScriptBuildPhase;
			buildActionMask = 2147483647;
			files = (
			);
			inputFileListPaths = (
			);
			inputPaths = (
				"${PODS_PODFILE_DIR_PATH}/Podfile.lock",
				"${PODS_ROOT}/Manifest.lock",
			);
			name = "[CP] Check Pods Manifest.lock";
			outputFileListPaths = (
			);
			outputPaths = (
				"$(DERIVED_FILE_DIR)/Pods-PokemonAppSwiftUI-checkManifestLockResult.txt",
			);
			runOnlyForDeploymentPostprocessing = 0;
			shellPath = /bin/sh;
			shellScript = "diff \"${PODS_PODFILE_DIR_PATH}/Podfile.lock\" \"${PODS_ROOT}/Manifest.lock\" > /dev/null\nif [ $? != 0 ] ; then\n    # print error to STDERR\n    echo \"error: The sandbox is not in sync with the Podfile.lock. Run 'pod install' or update your CocoaPods installation.\" >&2\n    exit 1\nfi\n# This output is used by Xcode 'outputs' to avoid re-running this script phase.\necho \"SUCCESS\" > \"${SCRIPT_OUTPUT_FILE_0}\"\n";
			showEnvVarsInLog = 0;
		};
		B5346EBD3200EA704983E4BB /* [CP] Embed Pods Frameworks */ = {
			isa = PBXShellScriptBuildPhase;
			buildActionMask = 2147483647;
			files = (
			);
			inputFileListPaths = (
				"${PODS_ROOT}/Target Support Files/Pods-PokemonAppSwiftUI/Pods-PokemonAppSwiftUI-frameworks-${CONFIGURATION}-input-files.xcfilelist",
			);
			name = "[CP] Embed Pods Frameworks";
			outputFileListPaths = (
				"${PODS_ROOT}/Target Support Files/Pods-PokemonAppSwiftUI/Pods-PokemonAppSwiftUI-frameworks-${CONFIGURATION}-output-files.xcfilelist",
			);
			runOnlyForDeploymentPostprocessing = 0;
			shellPath = /bin/sh;
			shellScript = "\"${PODS_ROOT}/Target Support Files/Pods-PokemonAppSwiftUI/Pods-PokemonAppSwiftUI-frameworks.sh\"\n";
			showEnvVarsInLog = 0;
		};
/* End PBXShellScriptBuildPhase section */

/* Begin PBXSourcesBuildPhase section */
		60BFF58726B2D0A30038A0E4 /* Sources */ = {
			isa = PBXSourcesBuildPhase;
			buildActionMask = 2147483647;
			files = (
				6096579726BD27E90074BB1E /* SearchDetailsRowType.swift in Sources */,
				6086888826B9643F0007B576 /* PokemonItemNameResponse.swift in Sources */,
				60ACAB8826B4327400562758 /* String+Extensions.swift in Sources */,
				603BB2DC26B2E64200033457 /* SerializationManager.swift in Sources */,
				603BB2E426B2EBD900033457 /* SearchFieldView.swift in Sources */,
				6086888126B93BFC0007B576 /* DeckTabView.swift in Sources */,
				6086887326B9348D0007B576 /* ErrorView.swift in Sources */,
				6086887D26B93A650007B576 /* HomeView.swift in Sources */,
				60ACAB7926B3EF7600562758 /* SearchDetailsView.swift in Sources */,
				60ACAB7F26B3F02100562758 /* RowItem.swift in Sources */,
				6086888626B950740007B576 /* DeckTabBackgroundImage.swift in Sources */,
				60BFF5AC26B2DCF50038A0E4 /* Pokemon.swift in Sources */,
				60BFF59126B2D0A30038A0E4 /* SearchTabView.swift in Sources */,
				603BB2E626B2ECDD00033457 /* SearchTabRowItemView.swift in Sources */,
				603BB2DD26B2E64200033457 /* RestManager.swift in Sources */,
				6096579B26BD2BAE0074BB1E /* SearchDetailsRowImageView.swift in Sources */,
				6086887726B935920007B576 /* LottieView.swift in Sources */,
				6086888326B93D1F0007B576 /* InDevelopmentView.swift in Sources */,
				60BFF5A826B2DC020038A0E4 /* SearchTabViewModel.swift in Sources */,
				60ACAB8526B3FD8400562758 /* SearchDetailsViewModel.swift in Sources */,
				603BB2E826B2F05100033457 /* NetworkImage.swift in Sources */,
				606322A826BC94930006E2B5 /* PokeballLoaderView.swift in Sources */,
				6086888A26B9647B0007B576 /* PokemonItemBaseResponse.swift in Sources */,
				60BFF58F26B2D0A30038A0E4 /* PokemonAppSwiftUIApp.swift in Sources */,
				60ACAB8126B3F0EB00562758 /* SearchTabRowItemType.swift in Sources */,
				603BB2DF26B2E64200033457 /* ErrorType.swift in Sources */,
				603BB2DE26B2E64200033457 /* RestEndpoints.swift in Sources */,
				609657A426BD3E960074BB1E /* SearchDetailsStatsView.swift in Sources */,
				6096579926BD29FB0074BB1E /* SearchDetailsStats.swift in Sources */,
				603BB2F226B309DF00033457 /* PokemonItemResponse.swift in Sources */,
			);
			runOnlyForDeploymentPostprocessing = 0;
		};
/* End PBXSourcesBuildPhase section */

/* Begin XCBuildConfiguration section */
		60BFF59826B2D0A40038A0E4 /* Debug */ = {
			isa = XCBuildConfiguration;
			buildSettings = {
				ALWAYS_SEARCH_USER_PATHS = NO;
				CLANG_ANALYZER_NONNULL = YES;
				CLANG_ANALYZER_NUMBER_OBJECT_CONVERSION = YES_AGGRESSIVE;
				CLANG_CXX_LANGUAGE_STANDARD = "gnu++14";
				CLANG_CXX_LIBRARY = "libc++";
				CLANG_ENABLE_MODULES = YES;
				CLANG_ENABLE_OBJC_ARC = YES;
				CLANG_ENABLE_OBJC_WEAK = YES;
				CLANG_WARN_BLOCK_CAPTURE_AUTORELEASING = YES;
				CLANG_WARN_BOOL_CONVERSION = YES;
				CLANG_WARN_COMMA = YES;
				CLANG_WARN_CONSTANT_CONVERSION = YES;
				CLANG_WARN_DEPRECATED_OBJC_IMPLEMENTATIONS = YES;
				CLANG_WARN_DIRECT_OBJC_ISA_USAGE = YES_ERROR;
				CLANG_WARN_DOCUMENTATION_COMMENTS = YES;
				CLANG_WARN_EMPTY_BODY = YES;
				CLANG_WARN_ENUM_CONVERSION = YES;
				CLANG_WARN_INFINITE_RECURSION = YES;
				CLANG_WARN_INT_CONVERSION = YES;
				CLANG_WARN_NON_LITERAL_NULL_CONVERSION = YES;
				CLANG_WARN_OBJC_IMPLICIT_RETAIN_SELF = YES;
				CLANG_WARN_OBJC_LITERAL_CONVERSION = YES;
				CLANG_WARN_OBJC_ROOT_CLASS = YES_ERROR;
				CLANG_WARN_QUOTED_INCLUDE_IN_FRAMEWORK_HEADER = YES;
				CLANG_WARN_RANGE_LOOP_ANALYSIS = YES;
				CLANG_WARN_STRICT_PROTOTYPES = YES;
				CLANG_WARN_SUSPICIOUS_MOVE = YES;
				CLANG_WARN_UNGUARDED_AVAILABILITY = YES_AGGRESSIVE;
				CLANG_WARN_UNREACHABLE_CODE = YES;
				CLANG_WARN__DUPLICATE_METHOD_MATCH = YES;
				COPY_PHASE_STRIP = NO;
				DEBUG_INFORMATION_FORMAT = dwarf;
				ENABLE_STRICT_OBJC_MSGSEND = YES;
				ENABLE_TESTABILITY = YES;
				GCC_C_LANGUAGE_STANDARD = gnu11;
				GCC_DYNAMIC_NO_PIC = NO;
				GCC_NO_COMMON_BLOCKS = YES;
				GCC_OPTIMIZATION_LEVEL = 0;
				GCC_PREPROCESSOR_DEFINITIONS = (
					"DEBUG=1",
					"$(inherited)",
				);
				GCC_WARN_64_TO_32_BIT_CONVERSION = YES;
				GCC_WARN_ABOUT_RETURN_TYPE = YES_ERROR;
				GCC_WARN_UNDECLARED_SELECTOR = YES;
				GCC_WARN_UNINITIALIZED_AUTOS = YES_AGGRESSIVE;
				GCC_WARN_UNUSED_FUNCTION = YES;
				GCC_WARN_UNUSED_VARIABLE = YES;
				IPHONEOS_DEPLOYMENT_TARGET = 14.5;
				MTL_ENABLE_DEBUG_INFO = INCLUDE_SOURCE;
				MTL_FAST_MATH = YES;
				ONLY_ACTIVE_ARCH = YES;
				SDKROOT = iphoneos;
				SWIFT_ACTIVE_COMPILATION_CONDITIONS = DEBUG;
				SWIFT_OPTIMIZATION_LEVEL = "-Onone";
			};
			name = Debug;
		};
		60BFF59926B2D0A40038A0E4 /* Release */ = {
			isa = XCBuildConfiguration;
			buildSettings = {
				ALWAYS_SEARCH_USER_PATHS = NO;
				CLANG_ANALYZER_NONNULL = YES;
				CLANG_ANALYZER_NUMBER_OBJECT_CONVERSION = YES_AGGRESSIVE;
				CLANG_CXX_LANGUAGE_STANDARD = "gnu++14";
				CLANG_CXX_LIBRARY = "libc++";
				CLANG_ENABLE_MODULES = YES;
				CLANG_ENABLE_OBJC_ARC = YES;
				CLANG_ENABLE_OBJC_WEAK = YES;
				CLANG_WARN_BLOCK_CAPTURE_AUTORELEASING = YES;
				CLANG_WARN_BOOL_CONVERSION = YES;
				CLANG_WARN_COMMA = YES;
				CLANG_WARN_CONSTANT_CONVERSION = YES;
				CLANG_WARN_DEPRECATED_OBJC_IMPLEMENTATIONS = YES;
				CLANG_WARN_DIRECT_OBJC_ISA_USAGE = YES_ERROR;
				CLANG_WARN_DOCUMENTATION_COMMENTS = YES;
				CLANG_WARN_EMPTY_BODY = YES;
				CLANG_WARN_ENUM_CONVERSION = YES;
				CLANG_WARN_INFINITE_RECURSION = YES;
				CLANG_WARN_INT_CONVERSION = YES;
				CLANG_WARN_NON_LITERAL_NULL_CONVERSION = YES;
				CLANG_WARN_OBJC_IMPLICIT_RETAIN_SELF = YES;
				CLANG_WARN_OBJC_LITERAL_CONVERSION = YES;
				CLANG_WARN_OBJC_ROOT_CLASS = YES_ERROR;
				CLANG_WARN_QUOTED_INCLUDE_IN_FRAMEWORK_HEADER = YES;
				CLANG_WARN_RANGE_LOOP_ANALYSIS = YES;
				CLANG_WARN_STRICT_PROTOTYPES = YES;
				CLANG_WARN_SUSPICIOUS_MOVE = YES;
				CLANG_WARN_UNGUARDED_AVAILABILITY = YES_AGGRESSIVE;
				CLANG_WARN_UNREACHABLE_CODE = YES;
				CLANG_WARN__DUPLICATE_METHOD_MATCH = YES;
				COPY_PHASE_STRIP = NO;
				DEBUG_INFORMATION_FORMAT = "dwarf-with-dsym";
				ENABLE_NS_ASSERTIONS = NO;
				ENABLE_STRICT_OBJC_MSGSEND = YES;
				GCC_C_LANGUAGE_STANDARD = gnu11;
				GCC_NO_COMMON_BLOCKS = YES;
				GCC_WARN_64_TO_32_BIT_CONVERSION = YES;
				GCC_WARN_ABOUT_RETURN_TYPE = YES_ERROR;
				GCC_WARN_UNDECLARED_SELECTOR = YES;
				GCC_WARN_UNINITIALIZED_AUTOS = YES_AGGRESSIVE;
				GCC_WARN_UNUSED_FUNCTION = YES;
				GCC_WARN_UNUSED_VARIABLE = YES;
				IPHONEOS_DEPLOYMENT_TARGET = 14.5;
				MTL_ENABLE_DEBUG_INFO = NO;
				MTL_FAST_MATH = YES;
				SDKROOT = iphoneos;
				SWIFT_COMPILATION_MODE = wholemodule;
				SWIFT_OPTIMIZATION_LEVEL = "-O";
				VALIDATE_PRODUCT = YES;
			};
			name = Release;
		};
		60BFF59B26B2D0A40038A0E4 /* Debug */ = {
			isa = XCBuildConfiguration;
			baseConfigurationReference = B6F3F32017160CE25F301A6D /* Pods-PokemonAppSwiftUI.debug.xcconfig */;
			buildSettings = {
				ASSETCATALOG_COMPILER_APPICON_NAME = AppIcon;
				ASSETCATALOG_COMPILER_GLOBAL_ACCENT_COLOR_NAME = AccentColor;
				CODE_SIGN_STYLE = Automatic;
				DEVELOPMENT_ASSET_PATHS = "\"PokemonAppSwiftUI/Common/Views/Preview Content\"";
				ENABLE_PREVIEWS = YES;
				FRAMEWORK_SEARCH_PATHS = (
					"$(inherited)",
					"$(PROJECT_DIR)/PokemonAppSwiftUI/Common/iOS\\ tutorial/MVVM\\ -\\ single\\ pipeline/TMDBTests/Frameworks",
				);
				INFOPLIST_FILE = PokemonAppSwiftUI/Support/Info.plist;
				IPHONEOS_DEPLOYMENT_TARGET = 14.0;
				LD_RUNPATH_SEARCH_PATHS = (
					"$(inherited)",
					"@executable_path/Frameworks",
				);
				PRODUCT_BUNDLE_IDENTIFIER = com.example.PokemonAppSwiftUI;
				PRODUCT_NAME = "$(TARGET_NAME)";
				SWIFT_VERSION = 5.0;
				TARGETED_DEVICE_FAMILY = "1,2";
			};
			name = Debug;
		};
		60BFF59C26B2D0A40038A0E4 /* Release */ = {
			isa = XCBuildConfiguration;
			baseConfigurationReference = C7651107B82E8E231335E08F /* Pods-PokemonAppSwiftUI.release.xcconfig */;
			buildSettings = {
				ASSETCATALOG_COMPILER_APPICON_NAME = AppIcon;
				ASSETCATALOG_COMPILER_GLOBAL_ACCENT_COLOR_NAME = AccentColor;
				CODE_SIGN_STYLE = Automatic;
				DEVELOPMENT_ASSET_PATHS = "\"PokemonAppSwiftUI/Common/Views/Preview Content\"";
				ENABLE_PREVIEWS = YES;
				FRAMEWORK_SEARCH_PATHS = (
					"$(inherited)",
					"$(PROJECT_DIR)/PokemonAppSwiftUI/Common/iOS\\ tutorial/MVVM\\ -\\ single\\ pipeline/TMDBTests/Frameworks",
				);
				INFOPLIST_FILE = PokemonAppSwiftUI/Support/Info.plist;
				IPHONEOS_DEPLOYMENT_TARGET = 14.0;
				LD_RUNPATH_SEARCH_PATHS = (
					"$(inherited)",
					"@executable_path/Frameworks",
				);
				PRODUCT_BUNDLE_IDENTIFIER = com.example.PokemonAppSwiftUI;
				PRODUCT_NAME = "$(TARGET_NAME)";
				SWIFT_VERSION = 5.0;
				TARGETED_DEVICE_FAMILY = "1,2";
			};
			name = Release;
		};
/* End XCBuildConfiguration section */

/* Begin XCConfigurationList section */
		60BFF58626B2D0A30038A0E4 /* Build configuration list for PBXProject "PokemonAppSwiftUI" */ = {
			isa = XCConfigurationList;
			buildConfigurations = (
				60BFF59826B2D0A40038A0E4 /* Debug */,
				60BFF59926B2D0A40038A0E4 /* Release */,
			);
			defaultConfigurationIsVisible = 0;
			defaultConfigurationName = Release;
		};
		60BFF59A26B2D0A40038A0E4 /* Build configuration list for PBXNativeTarget "PokemonAppSwiftUI" */ = {
			isa = XCConfigurationList;
			buildConfigurations = (
				60BFF59B26B2D0A40038A0E4 /* Debug */,
				60BFF59C26B2D0A40038A0E4 /* Release */,
			);
			defaultConfigurationIsVisible = 0;
			defaultConfigurationName = Release;
		};
/* End XCConfigurationList section */
	};
	rootObject = 60BFF58326B2D0A30038A0E4 /* Project object */;
}
